
Microsoft Visual Studio Solution File, Format Version 12.00
# Visual Studio 11
Project("{FAE04EC0-301F-11D3-BF4B-00C04F79EFBC}") = "Beryl", "Beryl.csproj", "{B23DDE4F-C7CF-47D1-BD70-7892F9AB7EA6}"
EndProject
Global
	GlobalSection(SolutionConfigurationPlatforms) = preSolution
		Debug|Any CPU = Debug|Any CPU
		Release|Any CPU = Release|Any CPU
	EndGlobalSection
	GlobalSection(ProjectConfigurationPlatforms) = postSolution
		{B23DDE4F-C7CF-47D1-BD70-7892F9AB7EA6}.Debug|Any CPU.ActiveCfg = Debug|Any CPU
		{B23DDE4F-C7CF-47D1-BD70-7892F9AB7EA6}.Debug|Any CPU.Build.0 = Debug|Any CPU
		{B23DDE4F-C7CF-47D1-BD70-7892F9AB7EA6}.Release|Any CPU.ActiveCfg = Release|Any CPU
		{B23DDE4F-C7CF-47D1-BD70-7892F9AB7EA6}.Release|Any CPU.Build.0 = Release|Any CPU
	EndGlobalSection
	GlobalSection(SolutionProperties) = preSolution
		HideSolutionNode = FALSE
	EndGlobalSection
	GlobalSection(Performance) = preSolution
		HasPerformanceSessions = true
	EndGlobalSection
EndGlobal
